
Microsoft Visual Studio Solution File, Format Version 12.00
# Visual Studio Version 16
VisualStudioVersion = 16.0.30503.244
MinimumVisualStudioVersion = 10.0.40219.1
Project("{FAE04EC0-301F-11D3-BF4B-00C04F79EFBC}") = "HotelReservationSystem", "HotelReservationSystem.csproj", "{14688979-1883-44AE-8DFA-8ACC2965CDD0}"
EndProject
Project("{FAE04EC0-301F-11D3-BF4B-00C04F79EFBC}") = "TestProjectHRS", "..\TestHotelReservationSystem\TestProjectHRS\TestProjectHRS.csproj", "{4FB25657-624F-4F34-98E2-AE46DFAB8C5B}"
EndProject
Global
	GlobalSection(SolutionConfigurationPlatforms) = preSolution
		Debug|Any CPU = Debug|Any CPU
		Release|Any CPU = Release|Any CPU
	EndGlobalSection
	GlobalSection(ProjectConfigurationPlatforms) = postSolution
		{14688979-1883-44AE-8DFA-8ACC2965CDD0}.Debug|Any CPU.ActiveCfg = Debug|Any CPU
		{14688979-1883-44AE-8DFA-8ACC2965CDD0}.Debug|Any CPU.Build.0 = Debug|Any CPU
		{14688979-1883-44AE-8DFA-8ACC2965CDD0}.Release|Any CPU.ActiveCfg = Release|Any CPU
		{14688979-1883-44AE-8DFA-8ACC2965CDD0}.Release|Any CPU.Build.0 = Release|Any CPU
		{4FB25657-624F-4F34-98E2-AE46DFAB8C5B}.Debug|Any CPU.ActiveCfg = Debug|Any CPU
		{4FB25657-624F-4F34-98E2-AE46DFAB8C5B}.Debug|Any CPU.Build.0 = Debug|Any CPU
		{4FB25657-624F-4F34-98E2-AE46DFAB8C5B}.Release|Any CPU.ActiveCfg = Release|Any CPU
		{4FB25657-624F-4F34-98E2-AE46DFAB8C5B}.Release|Any CPU.Build.0 = Release|Any CPU
	EndGlobalSection
	GlobalSection(SolutionProperties) = preSolution
		HideSolutionNode = FALSE
	EndGlobalSection
	GlobalSection(ExtensibilityGlobals) = postSolution
		SolutionGuid = {1297720C-3623-45FA-B94A-93B24E0351A0}
	EndGlobalSection
EndGlobal
